
Microsoft Visual Studio Solution File, Format Version 12.00
# Visual Studio 15
VisualStudioVersion = 15.0.28307.1145
MinimumVisualStudioVersion = 10.0.40219.1
Project("{F184B08F-C81C-45F6-A57F-5ABD9991F28F}") = "Ejercicio 1 de Suma", "Ejercicio 1 de Suma\Ejercicio 1 de Suma.vbproj", "{20F98886-E332-4151-A3F8-84CBB058879A}"
EndProject
Global
	GlobalSection(SolutionConfigurationPlatforms) = preSolution
		Debug|Any CPU = Debug|Any CPU
		Release|Any CPU = Release|Any CPU
	EndGlobalSection
	GlobalSection(ProjectConfigurationPlatforms) = postSolution
		{20F98886-E332-4151-A3F8-84CBB058879A}.Debug|Any CPU.ActiveCfg = Debug|Any CPU
		{20F98886-E332-4151-A3F8-84CBB058879A}.Debug|Any CPU.Build.0 = Debug|Any CPU
		{20F98886-E332-4151-A3F8-84CBB058879A}.Release|Any CPU.ActiveCfg = Release|Any CPU
		{20F98886-E332-4151-A3F8-84CBB058879A}.Release|Any CPU.Build.0 = Release|Any CPU
	EndGlobalSection
	GlobalSection(SolutionProperties) = preSolution
		HideSolutionNode = FALSE
	EndGlobalSection
	GlobalSection(ExtensibilityGlobals) = postSolution
		SolutionGuid = {D2B0A052-3CA7-4834-9FF0-C6FC00DCA131}
	EndGlobalSection
EndGlobal
