
Microsoft Visual Studio Solution File, Format Version 12.00
# Visual Studio 15
VisualStudioVersion = 15.0.28307.1145
MinimumVisualStudioVersion = 10.0.40219.1
Project("{F184B08F-C81C-45F6-A57F-5ABD9991F28F}") = "Formula_Cuadratica", "Formula_Cuadratica\Formula_Cuadratica.vbproj", "{B7916474-ECCA-4140-BA39-73906442330A}"
EndProject
Global
	GlobalSection(SolutionConfigurationPlatforms) = preSolution
		Debug|Any CPU = Debug|Any CPU
		Release|Any CPU = Release|Any CPU
	EndGlobalSection
	GlobalSection(ProjectConfigurationPlatforms) = postSolution
		{B7916474-ECCA-4140-BA39-73906442330A}.Debug|Any CPU.ActiveCfg = Debug|Any CPU
		{B7916474-ECCA-4140-BA39-73906442330A}.Debug|Any CPU.Build.0 = Debug|Any CPU
		{B7916474-ECCA-4140-BA39-73906442330A}.Release|Any CPU.ActiveCfg = Release|Any CPU
		{B7916474-ECCA-4140-BA39-73906442330A}.Release|Any CPU.Build.0 = Release|Any CPU
	EndGlobalSection
	GlobalSection(SolutionProperties) = preSolution
		HideSolutionNode = FALSE
	EndGlobalSection
	GlobalSection(ExtensibilityGlobals) = postSolution
		SolutionGuid = {10011640-A7ED-4FA6-9D93-1417670BB543}
	EndGlobalSection
EndGlobal
